# This file is automatically @generated by Cargo.
# It is not intended for manual editing.
version = 4

[[package]]
name = "common"
version = "0.1.0"

[[package]]
name = "elf"
version = "0.8.0"
source = "registry+https://github.com/rust-lang/crates.io-index"
checksum = "55dd888a213fc57e957abf2aa305ee3e8a28dbe05687a251f33b637cd46b0070"

[[package]]
name = "gimli"
version = "0.32.2"
source = "registry+https://github.com/rust-lang/crates.io-index"
checksum = "cc6298e594375a7fead9efd5568f0a46e6a154fb6a9bdcbe3c06946ffd81a5f6"

[[package]]
name = "sentient_os"
version = "0.1.0"
dependencies = [
 "common",
 "elf",
 "gimli",
 "unwinding",
]

[[package]]
name = "unwinding"
version = "0.2.8"
source = "registry+https://github.com/rust-lang/crates.io-index"
checksum = "60612c845ef41699f39dc8c5391f252942c0a88b7d15da672eff0d14101bbd6d"
dependencies = [
 "gimli",
]

[[package]]
name = "userspace"
version = "0.1.0"
dependencies = [
 "common",
]
