# This file is automatically @generated by Cargo.
# It is not intended for manual editing.
version = 4

[[package]]
name = "common"
version = "0.1.0"

[[package]]
name = "elf"
version = "0.7.4"
source = "registry+https://github.com/rust-lang/crates.io-index"
checksum = "4445909572dbd556c457c849c4ca58623d84b27c8fff1e74b0b4227d8b90d17b"

[[package]]
name = "gimli"
version = "0.31.1"
source = "registry+https://github.com/rust-lang/crates.io-index"
checksum = "07e28edb80900c19c28f1072f2e8aeca7fa06b23cd4169cefe1af5aa3260783f"

[[package]]
name = "sentient_os"
version = "0.1.0"
dependencies = [
 "common",
 "elf",
 "gimli",
 "unwinding",
]

[[package]]
name = "unwinding"
version = "0.2.5"
source = "registry+https://github.com/rust-lang/crates.io-index"
checksum = "51f06a05848f650946acef3bf525fe96612226b61f74ae23ffa4e98bfbb8ab3c"
dependencies = [
 "gimli",
]

[[package]]
name = "userspace"
version = "0.1.0"
dependencies = [
 "common",
]
