# This file is automatically @generated by Cargo.
# It is not intended for manual editing.
version = 4

[[package]]
name = "common"
version = "0.1.0"

[[package]]
name = "elf"
version = "0.8.0"
source = "registry+https://github.com/rust-lang/crates.io-index"
checksum = "55dd888a213fc57e957abf2aa305ee3e8a28dbe05687a251f33b637cd46b0070"

[[package]]
name = "gimli"
version = "0.31.1"
source = "registry+https://github.com/rust-lang/crates.io-index"
checksum = "07e28edb80900c19c28f1072f2e8aeca7fa06b23cd4169cefe1af5aa3260783f"

[[package]]
name = "gimli"
version = "0.32.0"
source = "registry+https://github.com/rust-lang/crates.io-index"
checksum = "93563d740bc9ef04104f9ed6f86f1e3275c2cdafb95664e26584b9ca807a8ffe"

[[package]]
name = "sentient_os"
version = "0.1.0"
dependencies = [
 "common",
 "elf",
 "gimli 0.31.1",
 "unwinding",
]

[[package]]
name = "unwinding"
version = "0.2.7"
source = "registry+https://github.com/rust-lang/crates.io-index"
checksum = "7d80f6c2bfede213d9a90b4a14f3eb99b84e33c52df6c1a15de0a100f5a88751"
dependencies = [
 "gimli 0.32.0",
]

[[package]]
name = "userspace"
version = "0.1.0"
dependencies = [
 "common",
]
